
Microsoft Visual Studio Solution File, Format Version 12.00
# Visual Studio Version 17
VisualStudioVersion = 17.2.32616.157
MinimumVisualStudioVersion = 10.0.40219.1
Project("{9A19103F-16F7-4668-BE54-9A1E7A4F7556}") = "CSVFinder", "CSVFinder\CSVFinder.csproj", "{C2B2DF46-26BB-49D4-84EB-1ABA42F99FD3}"
EndProject
Project("{FAE04EC0-301F-11D3-BF4B-00C04F79EFBC}") = "NFCSVFinder", "NFCSVFinder\NFCSVFinder.csproj", "{0BA88DF9-9CD5-4AE4-942F-5FD97B6A223A}"
EndProject
Global
	GlobalSection(SolutionConfigurationPlatforms) = preSolution
		Debug|Any CPU = Debug|Any CPU
		Release|Any CPU = Release|Any CPU
	EndGlobalSection
	GlobalSection(ProjectConfigurationPlatforms) = postSolution
		{C2B2DF46-26BB-49D4-84EB-1ABA42F99FD3}.Debug|Any CPU.ActiveCfg = Debug|Any CPU
		{C2B2DF46-26BB-49D4-84EB-1ABA42F99FD3}.Debug|Any CPU.Build.0 = Debug|Any CPU
		{C2B2DF46-26BB-49D4-84EB-1ABA42F99FD3}.Release|Any CPU.ActiveCfg = Release|Any CPU
		{C2B2DF46-26BB-49D4-84EB-1ABA42F99FD3}.Release|Any CPU.Build.0 = Release|Any CPU
		{0BA88DF9-9CD5-4AE4-942F-5FD97B6A223A}.Debug|Any CPU.ActiveCfg = Debug|Any CPU
		{0BA88DF9-9CD5-4AE4-942F-5FD97B6A223A}.Debug|Any CPU.Build.0 = Debug|Any CPU
		{0BA88DF9-9CD5-4AE4-942F-5FD97B6A223A}.Release|Any CPU.ActiveCfg = Release|Any CPU
		{0BA88DF9-9CD5-4AE4-942F-5FD97B6A223A}.Release|Any CPU.Build.0 = Release|Any CPU
	EndGlobalSection
	GlobalSection(SolutionProperties) = preSolution
		HideSolutionNode = FALSE
	EndGlobalSection
	GlobalSection(ExtensibilityGlobals) = postSolution
		SolutionGuid = {830DBD63-442B-42DA-A0BA-85CC321422FB}
	EndGlobalSection
EndGlobal
